
Microsoft Visual Studio Solution File, Format Version 12.00
# Visual Studio Version 17
VisualStudioVersion = 17.4.33213.308
MinimumVisualStudioVersion = 10.0.40219.1
Project("{FAE04EC0-301F-11D3-BF4B-00C04F79EFBC}") = "Dormitory console 0.0.2", "Dormitory console 0.0.2.csproj", "{616E6F8D-3F91-4C31-8A24-9FEBC245E3CF}"
EndProject
Global
	GlobalSection(SolutionConfigurationPlatforms) = preSolution
		Debug|Any CPU = Debug|Any CPU
		Release|Any CPU = Release|Any CPU
	EndGlobalSection
	GlobalSection(ProjectConfigurationPlatforms) = postSolution
		{616E6F8D-3F91-4C31-8A24-9FEBC245E3CF}.Debug|Any CPU.ActiveCfg = Debug|Any CPU
		{616E6F8D-3F91-4C31-8A24-9FEBC245E3CF}.Debug|Any CPU.Build.0 = Debug|Any CPU
		{616E6F8D-3F91-4C31-8A24-9FEBC245E3CF}.Release|Any CPU.ActiveCfg = Release|Any CPU
		{616E6F8D-3F91-4C31-8A24-9FEBC245E3CF}.Release|Any CPU.Build.0 = Release|Any CPU
	EndGlobalSection
	GlobalSection(SolutionProperties) = preSolution
		HideSolutionNode = FALSE
	EndGlobalSection
	GlobalSection(ExtensibilityGlobals) = postSolution
		SolutionGuid = {85692106-839A-40E4-8AE6-5B74F65D944C}
	EndGlobalSection
EndGlobal
